
Microsoft Visual Studio Solution File, Format Version 12.00
# Visual Studio Version 17
VisualStudioVersion = 17.2.32602.215
MinimumVisualStudioVersion = 10.0.40219.1
Project("{FAE04EC0-301F-11D3-BF4B-00C04F79EFBC}") = "asynchronous", "asynchronous.csproj", "{DE4DB354-0693-44F3-A2C5-DFF66E407E62}"
EndProject
Global
	GlobalSection(SolutionConfigurationPlatforms) = preSolution
		Debug|Any CPU = Debug|Any CPU
		Release|Any CPU = Release|Any CPU
	EndGlobalSection
	GlobalSection(ProjectConfigurationPlatforms) = postSolution
		{DE4DB354-0693-44F3-A2C5-DFF66E407E62}.Debug|Any CPU.ActiveCfg = Debug|Any CPU
		{DE4DB354-0693-44F3-A2C5-DFF66E407E62}.Debug|Any CPU.Build.0 = Debug|Any CPU
		{DE4DB354-0693-44F3-A2C5-DFF66E407E62}.Release|Any CPU.ActiveCfg = Release|Any CPU
		{DE4DB354-0693-44F3-A2C5-DFF66E407E62}.Release|Any CPU.Build.0 = Release|Any CPU
	EndGlobalSection
	GlobalSection(SolutionProperties) = preSolution
		HideSolutionNode = FALSE
	EndGlobalSection
	GlobalSection(ExtensibilityGlobals) = postSolution
		SolutionGuid = {7FCCC321-FF0A-40EF-8334-D5057BC2A42F}
	EndGlobalSection
EndGlobal
